<?xml version="1.0" encoding="utf-8"?>
<Project ToolsVersion="4.0" xmlns="http://schemas.microsoft.com/developer/msbuild/2003">
  <ItemGroup>
    <Filter Include="Resource">
      <UniqueIdentifier>{67DA6AB6-F800-4c08-8B7A-83BB121AAD01}</UniqueIdentifier>
      <Extensions>rc;ico;cur;bmp;dlg;rc2;rct;bin;rgs;gif;jpg;jpeg;jpe;resx;tiff;tif;png;wav;mfcribbon-ms</Extensions>
    </Filter>
    <Filter Include="Source">
      <UniqueIdentifier>{4FC737F1-C7A5-4376-A066-2A32D752A2FF}</UniqueIdentifier>
      <Extensions>cpp;c;cc;cxx;c++;cppm;ixx;def;odl;idl;hpj;bat;asm;asmx</Extensions>
    </Filter>
    <Filter Include="Include">
      <UniqueIdentifier>{93995380-89BD-4b04-88EB-625FBE52EBFB}</UniqueIdentifier>
      <Extensions>h;hh;hpp;hxx;h++;hm;inl;inc;ipp;xsd</Extensions>
    </Filter>
  </ItemGroup>
  <ItemGroup>
    <ClCompile Include="main.cpp">
      <Filter>Source</Filter>
    </ClCompile>
    <ClCompile Include="Source\Application\Application.cpp">
      <Filter>Source</Filter>
    </ClCompile>
    <ClCompile Include="Source\Console\Console.cpp">
      <Filter>Source</Filter>
    </ClCompile>
    <ClCompile Include="Source\Drawing\Drawing.cpp">
      <Filter>Source</Filter>
    </ClCompile>
    <ClCompile Include="Source\UI\TextBox.cpp">
      <Filter>Source</Filter>
    </ClCompile>
    <ClCompile Include="Source\UI\Interactive.cpp">
      <Filter>Source</Filter>
    </ClCompile>
    <ClCompile Include="Source\UI\Widget.cpp">
      <Filter>Source</Filter>
    </ClCompile>
    <ClCompile Include="Source\UI\Label.cpp">
      <Filter>Source</Filter>
    </ClCompile>
    <ClCompile Include="Source\UI\Button.cpp">
      <Filter>Source</Filter>
    </ClCompile>
    <ClCompile Include="Source\UI\Cursor.cpp">
      <Filter>Source</Filter>
    </ClCompile>
    <ClCompile Include="Source\Screens\LoginScreen.cpp">
      <Filter>Source</Filter>
    </ClCompile>
    <ClCompile Include="Source\Manager\ScreenManager.cpp">
      <Filter>Source</Filter>
    </ClCompile>
    <ClCompile Include="Source\Manager\FocusController.cpp">
      <Filter>Source</Filter>
    </ClCompile>
    <ClCompile Include="Source\Screens\RegisterScreen.cpp">
      <Filter>Source</Filter>
    </ClCompile>
    <ClCompile Include="Source\Manager\UserManager.cpp">
      <Filter>Source</Filter>
    </ClCompile>
    <ClCompile Include="Source\Screens\MainScreen.cpp">
      <Filter>Source</Filter>
    </ClCompile>
    <ClCompile Include="Source\Screens\ScreenBar.cpp">
      <Filter>Source</Filter>
    </ClCompile>
    <ClCompile Include="Source\Manager\DataManager.cpp">
      <Filter>Source</Filter>
    </ClCompile>
    <ClCompile Include="Source\Screens\MusicScreen.cpp">
      <Filter>Source</Filter>
    </ClCompile>
    <ClCompile Include="Source\Screens\ExploreScreen.cpp">
      <Filter>Source</Filter>
    </ClCompile>
    <ClCompile Include="Source\Screens\ProfileScreen.cpp">
      <Filter>Source</Filter>
    </ClCompile>
    <ClCompile Include="Source\Screens\LibraryScreen.cpp">
      <Filter>Source</Filter>
    </ClCompile>
    <ClCompile Include="Source\Screens\HistoryScreen.cpp">
      <Filter>Source</Filter>
    </ClCompile>
    <ClCompile Include="Source\Screens\SearchScreen.cpp">
      <Filter>Source</Filter>
    </ClCompile>
  </ItemGroup>
  <ItemGroup>
    <ClInclude Include="Source\Application\Application.h">
      <Filter>Include</Filter>
    </ClInclude>
    <ClInclude Include="Source\Console\Console.h">
      <Filter>Include</Filter>
    </ClInclude>
    <ClInclude Include="Source\Drawing\Color.h">
      <Filter>Include</Filter>
    </ClInclude>
    <ClInclude Include="Source\Console\WindowHeader.h">
      <Filter>Include</Filter>
    </ClInclude>
    <ClInclude Include="Source\Console\WinCheck.h">
      <Filter>Include</Filter>
    </ClInclude>
    <ClInclude Include="Source\Console\Style.h">
      <Filter>Include</Filter>
    </ClInclude>
    <ClInclude Include="Source\Console\Key.h">
      <Filter>Include</Filter>
    </ClInclude>
    <ClInclude Include="Source\UI\Widget.h">
      <Filter>Include</Filter>
    </ClInclude>
    <ClInclude Include="Source\Utils\Vector2.h">
      <Filter>Include</Filter>
    </ClInclude>
    <ClInclude Include="Source\UI\Label.h">
      <Filter>Include</Filter>
    </ClInclude>
    <ClInclude Include="Source\UI\Interactive.h">
      <Filter>Include</Filter>
    </ClInclude>
    <ClInclude Include="Source\UI\Button.h">
      <Filter>Include</Filter>
    </ClInclude>
    <ClInclude Include="Source\Drawing\Drawing.h">
      <Filter>Include</Filter>
    </ClInclude>
    <ClInclude Include="Source\Drawing\BoxStyle.h">
      <Filter>Include</Filter>
    </ClInclude>
    <ClInclude Include="Source\Drawing\Palette.h">
      <Filter>Include</Filter>
    </ClInclude>
    <ClInclude Include="Source\Drawing\PalettePresets.h">
      <Filter>Include</Filter>
    </ClInclude>
    <ClInclude Include="Source\UI\TextBox.h">
      <Filter>Include</Filter>
    </ClInclude>
    <ClInclude Include="Source\UI\Cursor.h">
      <Filter>Include</Filter>
    </ClInclude>
    <ClInclude Include="Source\Screens\Screen.h">
      <Filter>Include</Filter>
    </ClInclude>
    <ClInclude Include="Source\Screens\LoginScreen.h">
      <Filter>Include</Filter>
    </ClInclude>
    <ClInclude Include="Source\Manager\ScreenManager.h">
      <Filter>Include</Filter>
    </ClInclude>
    <ClInclude Include="Source\Manager\FocusController.h">
      <Filter>Include</Filter>
    </ClInclude>
    <ClInclude Include="Source\Screens\ScreenNames.h">
      <Filter>Include</Filter>
    </ClInclude>
    <ClInclude Include="Source\Screens\RegisterScreen.h">
      <Filter>Include</Filter>
    </ClInclude>
    <ClInclude Include="Source\UI\UI.h">
      <Filter>Include</Filter>
    </ClInclude>
    <ClInclude Include="Source\Structures\List.h">
      <Filter>Include</Filter>
    </ClInclude>
    <ClInclude Include="Source\Structures\Node.h">
      <Filter>Include</Filter>
    </ClInclude>
    <ClInclude Include="Source\Structures\Queue.h">
      <Filter>Include</Filter>
    </ClInclude>
    <ClInclude Include="Source\Structures\Stack.h">
      <Filter>Include</Filter>
    </ClInclude>
    <ClInclude Include="Source\HashTable\HashEntry.h">
      <Filter>Include</Filter>
    </ClInclude>
    <ClInclude Include="Source\HashTable\HashFunction.h">
      <Filter>Include</Filter>
    </ClInclude>
    <ClInclude Include="Source\HashTable\HashTable.h">
      <Filter>Include</Filter>
    </ClInclude>
    <ClInclude Include="Source\Manager\UserManager.h">
      <Filter>Include</Filter>
    </ClInclude>
    <ClInclude Include="Source\Manager\User.h">
      <Filter>Include</Filter>
    </ClInclude>
    <ClInclude Include="Source\Screens\MainScreen.h">
      <Filter>Include</Filter>
    </ClInclude>
    <ClInclude Include="Source\UI\ComboBox.h">
      <Filter>Include</Filter>
    </ClInclude>
    <ClInclude Include="Source\Utils\Utils.h">
      <Filter>Include</Filter>
    </ClInclude>
    <ClInclude Include="Source\Screens\ScreenBar.h">
      <Filter>Include</Filter>
    </ClInclude>
    <ClInclude Include="Source\Structures\Iterator.h">
      <Filter>Include</Filter>
    </ClInclude>
    <ClInclude Include="Source\Music\Album.h">
      <Filter>Include</Filter>
    </ClInclude>
    <ClInclude Include="Source\Music\Artist.h">
      <Filter>Include</Filter>
    </ClInclude>
    <ClInclude Include="Source\Music\Credits.h">
      <Filter>Include</Filter>
    </ClInclude>
    <ClInclude Include="Source\Music\Library.h">
      <Filter>Include</Filter>
    </ClInclude>
    <ClInclude Include="Source\Music\Playlist.h">
      <Filter>Include</Filter>
    </ClInclude>
    <ClInclude Include="Source\Music\Song.h">
      <Filter>Include</Filter>
    </ClInclude>
    <ClInclude Include="Source\Manager\DataManager.h">
      <Filter>Include</Filter>
    </ClInclude>
    <ClInclude Include="Source\Screens\MusicScreen.h">
      <Filter>Include</Filter>
    </ClInclude>
    <ClInclude Include="Source\Screens\ExploreScreen.h">
      <Filter>Include</Filter>
    </ClInclude>
    <ClInclude Include="Source\Screens\ProfileScreen.h">
      <Filter>Include</Filter>
    </ClInclude>
    <ClInclude Include="Source\Screens\LibraryScreen.h">
      <Filter>Include</Filter>
    </ClInclude>
    <ClInclude Include="Source\Screens\HistoryScreen.h">
      <Filter>Include</Filter>
    </ClInclude>
    <ClInclude Include="Source\Screens\SearchScreen.h">
      <Filter>Include</Filter>
    </ClInclude>
    <ClInclude Include="Source\Drawing\Art.h">
      <Filter>Include</Filter>
    </ClInclude>
    <ClInclude Include="Source\Tree\NodoAVL.h">
      <Filter>Include</Filter>
    </ClInclude>
    <ClInclude Include="Source\Tree\AVLTree.h">
      <Filter>Include</Filter>
    </ClInclude>
    <ClInclude Include="Source\SubScreen\SubSearchScreen.h">
      <Filter>Include</Filter>
    </ClInclude>
    <ClInclude Include="Source\UI\TableView.h">
      <Filter>Include</Filter>
    </ClInclude>
    <ClInclude Include="Source\Tree\BSNode.h">
      <Filter>Include</Filter>
    </ClInclude>
    <ClInclude Include="Source\Tree\BSTree.h">
      <Filter>Include</Filter>
    </ClInclude>
    <ClInclude Include="Source\Tree\Compare.h">
      <Filter>Include</Filter>
    </ClInclude>
    <ClInclude Include="Source\Graph\Graph.h">
      <Filter>Include</Filter>
    </ClInclude>
    <ClInclude Include="Source\SubScreen\SubScreen.h">
      <Filter>Include</Filter>
    </ClInclude>
    <ClInclude Include="Source\SubScreen\SubSongScreen.h">
      <Filter>Include</Filter>
    </ClInclude>
    <ClInclude Include="Source\SubScreen\SubAlbumScreen.h">
      <Filter>Include</Filter>
    </ClInclude>
    <ClInclude Include="Source\SubScreen\SubArtistScreen.h">
      <Filter>Include</Filter>
    </ClInclude>
    <ClInclude Include="Source\SubScreen\SubListScreen.h">
      <Filter>Include</Filter>
    </ClInclude>
  </ItemGroup>
  <ItemGroup>
    <Image Include="Resource\streambeat.ico">
      <Filter>Resource</Filter>
    </Image>
  </ItemGroup>
  <ItemGroup>
    <None Include="Data\users.csv" />
    <None Include="Data\MusicCatalog.data" />
  </ItemGroup>
</Project>